{
  "version": "5",
  "specifiers": {
    "jsr:@std/assert@^1.0.16": "1.0.19",
    "jsr:@std/assert@^1.0.19": "1.0.19",
    "jsr:@std/async@^1.4.0": "1.5.0",
    "jsr:@std/bytes@^1.0.6": "1.0.6",
    "jsr:@std/cli@^1.0.31": "1.0.32",
    "jsr:@std/cli@^1.0.32": "1.0.32",
    "jsr:@std/csv@^1.0.6": "1.0.6",
    "jsr:@std/data-structures@^1.1.0": "1.1.1",
    "jsr:@std/encoding@^1.0.11": "1.0.11",
    "jsr:@std/fmt@^1.0.10": "1.0.10",
    "jsr:@std/fs@^1.0.24": "1.0.24",
    "jsr:@std/html@^1.0.5": "1.0.7",
    "jsr:@std/html@^1.0.7": "1.0.7",
    "jsr:@std/http@^1.1.2": "1.1.2",
    "jsr:@std/internal@^1.0.12": "1.0.14",
    "jsr:@std/internal@^1.0.14": "1.0.14",
    "jsr:@std/media-types@^1.1.0": "1.1.0",
    "jsr:@std/net@^1.0.6": "1.0.6",
    "jsr:@std/path@^1.1.2": "1.1.6",
    "jsr:@std/path@^1.1.5": "1.1.6",
    "jsr:@std/path@^1.1.6": "1.1.6",
    "jsr:@std/streams@^1.0.9": "1.1.1",
    "jsr:@std/streams@^1.1.1": "1.1.1",
    "jsr:@std/testing@^1.0.16": "1.0.19",
    "npm:@ai-sdk/anthropic@^4.0.11": "4.0.12_zod@4.4.3",
    "npm:@ai-sdk/google@^4.0.12": "4.0.12_zod@4.4.3",
    "npm:@ai-sdk/openai@4.0.11": "4.0.11_zod@4.4.3",
    "npm:@ai-sdk/openai@^4.0.11": "4.0.11_zod@4.4.3",
    "npm:@scriptin/jmdict-simplified-types@^3.6.1": "3.6.1",
    "npm:@types/node@^24.13.3": "24.13.3",
    "npm:ai@^7.0.20": "7.0.22_zod@4.4.3",
    "npm:fflate@~0.8.2": "0.8.3",
    "npm:iso-639-2@*": "3.0.2",
    "npm:kuromoji@~0.1.2": "0.1.2",
    "npm:yanki-connect@^4.0.6": "4.0.6",
    "npm:zod@^4.1.13": "4.4.3"
  },
  "jsr": {
    "@std/assert@1.0.19": {
      "integrity": "eaada96ee120cb980bc47e040f82814d786fe8162ecc53c91d8df60b8755991e",
      "dependencies": [
        "jsr:@std/internal@^1.0.12"
      ]
    },
    "@std/async@1.5.0": {
      "integrity": "4c1f22d287a17ad7d8643b1952bc5a4d21e5d8b68dc8c20d8268eecc69096e82"
    },
    "@std/bytes@1.0.6": {
      "integrity": "f6ac6adbd8ccd99314045f5703e23af0a68d7f7e58364b47d2c7f408aeb5820a"
    },
    "@std/cli@1.0.32": {
      "integrity": "188b3a100d6202d64e3f5bd3d799c7fa4f6d77f92cc65eb7f641c1fa0aa92a66",
      "dependencies": [
        "jsr:@std/fmt",
        "jsr:@std/internal@^1.0.14"
      ]
    },
    "@std/csv@1.0.6": {
      "integrity": "52ef0e62799a0028d278fa04762f17f9bd263fad9a8e7f98c14fbd371d62d9fd",
      "dependencies": [
        "jsr:@std/streams@^1.0.9"
      ]
    },
    "@std/data-structures@1.1.1": {
      "integrity": "7e1fcf19771fb9c6dbcd7f65039d6d42ef8dc023cfbc0c4cdc74b24e09229380"
    },
    "@std/encoding@1.0.11": {
      "integrity": "e7cef2f0b3153bccc17431e7c864a1de03a4b6d9647389c43e08aaa775d37385"
    },
    "@std/fmt@1.0.10": {
      "integrity": "90dfba288802ac6de82fb31d0917eb9e4450b9925b954d5e51fc29ac07419db5"
    },
    "@std/fs@1.0.24": {
      "integrity": "f3061b45b81673a2bece689da041df32d174be064c89eb6397fb5718d3fb7877",
      "dependencies": [
        "jsr:@std/internal@^1.0.14",
        "jsr:@std/path@^1.1.5"
      ]
    },
    "@std/html@1.0.7": {
      "integrity": "175c818905a6e75743c69c251395e273d82698e58cfe7dd76268d70e28b8d8fe"
    },
    "@std/http@1.1.2": {
      "integrity": "1c0473590d5e5b75b30b2be4833c08047dd799aeea35624fd34ec58d67fc9240",
      "dependencies": [
        "jsr:@std/cli@^1.0.31",
        "jsr:@std/encoding",
        "jsr:@std/fmt",
        "jsr:@std/fs",
        "jsr:@std/html@^1.0.7",
        "jsr:@std/media-types",
        "jsr:@std/net",
        "jsr:@std/path@^1.1.6",
        "jsr:@std/streams@^1.1.1"
      ]
    },
    "@std/internal@1.0.14": {
      "integrity": "291516b3d4c35024d6ffbc0a9df5bf4c64116e05b50012cf846710152d2ffdf7"
    },
    "@std/media-types@1.1.0": {
      "integrity": "c9d093f0c05c3512932b330e3cc1fe1d627b301db33a4c2c2185c02471d6eaa4"
    },
    "@std/net@1.0.6": {
      "integrity": "110735f93e95bb9feb95790a8b1d1bf69ec0dc74f3f97a00a76ea5efea25500c"
    },
    "@std/path@1.1.6": {
      "integrity": "c68485c2a4dfbb5ae3cc74fae4e8c4e5d874cf8a8ed12927917235c758b46cbe",
      "dependencies": [
        "jsr:@std/internal@^1.0.14"
      ]
    },
    "@std/streams@1.1.1": {
      "integrity": "92556d350e537e9dce527a6d08f6f15be3ff65e656079dea69d15252187c7613",
      "dependencies": [
        "jsr:@std/bytes"
      ]
    },
    "@std/testing@1.0.19": {
      "integrity": "f4236172365b216728dc3cc8b5e80a9f4c33083d1e4ede7613d5b25b4014898e",
      "dependencies": [
        "jsr:@std/assert@^1.0.19",
        "jsr:@std/async",
        "jsr:@std/data-structures",
        "jsr:@std/fs",
        "jsr:@std/internal@^1.0.14",
        "jsr:@std/path@^1.1.5"
      ]
    }
  },
  "npm": {
    "@ai-sdk/anthropic@4.0.12_zod@4.4.3": {
      "integrity": "sha512-IquWNkGRSF2ulYJ6YIIUqMsNAIDeZFB3/4W92aSOtCxH1TfuVoq3qw4M4TxTxIw4As9cnkeRLe7b9LDMzPDsnA==",
      "dependencies": [
        "@ai-sdk/provider",
        "@ai-sdk/provider-utils",
        "zod"
      ]
    },
    "@ai-sdk/gateway@4.0.16_zod@4.4.3": {
      "integrity": "sha512-9iYxdOLquoOFk5e+02P9qfBIA+EJU0FNJvyjGxi4iXJabt2+GlbaCg7TX0sTtxOsBVkdabkatqWM6+kvp53tBg==",
      "dependencies": [
        "@ai-sdk/provider",
        "@ai-sdk/provider-utils",
        "@vercel/oidc",
        "zod"
      ]
    },
    "@ai-sdk/google@4.0.12_zod@4.4.3": {
      "integrity": "sha512-4Rw4viFwH2Wprx6OssZzhV/KgNWaA7qYr5Kg28AlZ7r3sEvyXH0kDZtZok7onPjr0RuFTg2EjCjTIeoCesg0Ww==",
      "dependencies": [
        "@ai-sdk/provider",
        "@ai-sdk/provider-utils",
        "zod"
      ]
    },
    "@ai-sdk/openai@4.0.11_zod@4.4.3": {
      "integrity": "sha512-2PLnVPBsdJusgquPVYgPWd3ox4lbUFkp7DVUSmM0lQ4VISQoNxdgo6TvFAHgwQn9wJ/ckVYVRLU7+BvHc7T8ww==",
      "dependencies": [
        "@ai-sdk/provider",
        "@ai-sdk/provider-utils",
        "zod"
      ]
    },
    "@ai-sdk/provider-utils@5.0.7_zod@4.4.3": {
      "integrity": "sha512-OSm5/5kdrHa11WIOo5LYgDKnxYWp5aB/wx5EXRHi0jpUGduMDeB6oht9U6p+UNNWIP3F/EqPpV8d7vdP/iRnqg==",
      "dependencies": [
        "@ai-sdk/provider",
        "@standard-schema/spec",
        "@workflow/serde",
        "eventsource-parser",
        "zod"
      ]
    },
    "@ai-sdk/provider@4.0.3": {
      "integrity": "sha512-e0CpNWJUY7OxAFAnCZkw+ri9QOHWwTs1tXP42782KFGCU07qt8NiXCrCVowyCB5dP2r5/Uls+g2oPd8kOJn9dw==",
      "dependencies": [
        "json-schema"
      ]
    },
    "@scriptin/jmdict-simplified-types@3.6.1": {
      "integrity": "sha512-vb0c/sq2eBETJgDxRmsSq5Ym0s6axt7MdPlQKvjA1+eVnk7fUB+OD/J0Xckek2QNqNgsiB37kFGuJDnCwFBunQ=="
    },
    "@standard-schema/spec@1.1.0": {
      "integrity": "sha512-l2aFy5jALhniG5HgqrD6jXLi/rUWrKvqN/qJx6yoJsgKhblVd+iqqU4RCXavm/jPityDo5TCvKMnpjKnOriy0w=="
    },
    "@types/node@20.19.43": {
      "integrity": "sha512-6oYBAi5ikg4Pl+kGsoYtawUMBT2zZMCvPNF7pVLnHZfd1zf38DRiWn/gT01RYCdUqkv7Fhr+C9ot4/tb+2sVvA==",
      "dependencies": [
        "undici-types@6.21.0"
      ]
    },
    "@types/node@24.13.3": {
      "integrity": "sha512-Dh8vAsV36ig5wa9OX4pXvMc9D3Veibfw2wix0CUwYODLD8nkj9UsLjASr49nPg+2eKzxhBV+v7L8pXvT4e639Q==",
      "dependencies": [
        "undici-types@7.18.2"
      ]
    },
    "@vercel/oidc@3.2.0": {
      "integrity": "sha512-UycprH3T6n3jH0k44NHMa7pnFHGu/N05MjojYr+Mc6I7obkoLIJujSWwin1pCvdy/eOxrI/l3uDLQsmcrOb4ug=="
    },
    "@workflow/serde@4.1.0": {
      "integrity": "sha512-pav4F2BoirECWR7Nf1TKt+2eETcBj7jj4cBefQ8VXQCA6NPkaKeLfj/zMgi+3zYV5ZIBT4GuUiphsj0/b9hPQQ=="
    },
    "ai@7.0.22_zod@4.4.3": {
      "integrity": "sha512-iAXYwQtR18qN7GXwNmGVAQM4uSJOh2+nZ5RP9NtDXfH5d4tlYyYzAM133O3U+eVcyWrvNRzecN9yW58xpCdfMg==",
      "dependencies": [
        "@ai-sdk/gateway",
        "@ai-sdk/provider",
        "@ai-sdk/provider-utils",
        "zod"
      ]
    },
    "async@2.6.4": {
      "integrity": "sha512-mzo5dfJYwAn29PeiJ0zvwTo04zj8HDJj0Mn8TD7sno7q12prdbnasKJHhkm2c1LgrhlJ0teaea8860oxi51mGA==",
      "dependencies": [
        "lodash"
      ]
    },
    "bundle-name@4.1.0": {
      "integrity": "sha512-tjwM5exMg6BGRI+kNmTntNsvdZS1X8BFYS6tnJ2hdH0kVxM6/eVZ2xy+FqStSWvYmtfFMDLIxurorHwDKfDz5Q==",
      "dependencies": [
        "run-applescript"
      ]
    },
    "default-browser-id@5.0.1": {
      "integrity": "sha512-x1VCxdX4t+8wVfd1so/9w+vQ4vx7lKd2Qp5tDRutErwmR85OgmfX7RlLRMWafRMY7hbEiXIbudNrjOAPa/hL8Q=="
    },
    "default-browser@5.5.0": {
      "integrity": "sha512-H9LMLr5zwIbSxrmvikGuI/5KGhZ8E2zH3stkMgM5LpOWDutGM2JZaj460Udnf1a+946zc7YBgrqEWwbk7zHvGw==",
      "dependencies": [
        "bundle-name",
        "default-browser-id"
      ]
    },
    "define-lazy-prop@3.0.0": {
      "integrity": "sha512-N+MeXYoqr3pOgn8xfyRPREN7gHakLYjhsHhWGT3fWAiL4IkAt0iDw14QiiEm2bE30c5XX5q0FtAA3CK5f9/BUg=="
    },
    "doublearray@0.0.2": {
      "integrity": "sha512-aw55FtZzT6AmiamEj2kvmR6BuFqvYgKZUkfQ7teqVRNqD5UE0rw8IeW/3gieHNKQ5sPuDKlljWEn4bzv5+1bHw=="
    },
    "eventsource-parser@3.1.0": {
      "integrity": "sha512-kJezFj9YFAMLeORyi7aCLxLbD5/qWMQnoMVlVPyHIll7lgRJCc3JVln9Vgl9nwQi0YkMnhdGTMNn7CkRRAptMg=="
    },
    "fflate@0.8.3": {
      "integrity": "sha512-tbZNuJrLwGUp3zshBtdy4W+ORxZuIh8a5ilyIEQDC5rY1f3U20JMry0Ll3WBzU58EZKsEuJFXhb5gwv8CsPvgA=="
    },
    "is-docker@3.0.0": {
      "integrity": "sha512-eljcgEDlEns/7AXFosB5K/2nCM4P7FQPkGc/DWLy5rmFEWvZayGrik1d9/QIY5nJ4f9YsVvBkA6kJpHn9rISdQ==",
      "bin": true
    },
    "is-in-ssh@1.0.0": {
      "integrity": "sha512-jYa6Q9rH90kR1vKB6NM7qqd1mge3Fx4Dhw5TVlK1MUBqhEOuCagrEHMevNuCcbECmXZ0ThXkRm+Ymr51HwEPAw=="
    },
    "is-inside-container@1.0.0": {
      "integrity": "sha512-KIYLCCJghfHZxqjYBE7rEy0OBuTd5xCHS7tHVgvCLkx7StIoaxwNW3hCALgEUjFfeRk+MG/Qxmp/vtETEF3tRA==",
      "dependencies": [
        "is-docker"
      ],
      "bin": true
    },
    "is-wsl@3.1.1": {
      "integrity": "sha512-e6rvdUCiQCAuumZslxRJWR/Doq4VpPR82kqclvcS0efgt430SlGIk05vdCN58+VrzgtIcfNODjozVielycD4Sw==",
      "dependencies": [
        "is-inside-container"
      ]
    },
    "iso-639-2@3.0.2": {
      "integrity": "sha512-tna50aWwcGTIn81S9MzD1NSovHYTpFgmPVszHiLF5Vg/xmXAJ9XAkMOB9a8TH9Vi7qwf/x/8NJy2F+lM5OEwAw=="
    },
    "json-schema@0.4.0": {
      "integrity": "sha512-es94M3nTIfsEPisRafak+HDLfHXnKBhV3vU5eqPcS3flIWqcxJWgXHXiey3YrpaNsanY5ei1VoYEbOzijuq9BA=="
    },
    "kuromoji@0.1.2": {
      "integrity": "sha512-V0dUf+C2LpcPEXhoHLMAop/bOht16Dyr+mDiIE39yX3vqau7p80De/koFqpiTcL1zzdZlc3xuHZ8u5gjYRfFaQ==",
      "dependencies": [
        "async",
        "doublearray",
        "zlibjs"
      ]
    },
    "lodash@4.18.1": {
      "integrity": "sha512-dMInicTPVE8d1e5otfwmmjlxkZoUpiVLwyeTdUsi/Caj/gfzzblBcCE5sRHV/AsjuCmxWrte2TNGSYuCeCq+0Q=="
    },
    "open@11.0.0": {
      "integrity": "sha512-smsWv2LzFjP03xmvFoJ331ss6h+jixfA4UUV/Bsiyuu4YJPfN+FIQGOIiv4w9/+MoHkfkJ22UIaQWRVFRfH6Vw==",
      "dependencies": [
        "default-browser",
        "define-lazy-prop",
        "is-in-ssh",
        "is-inside-container",
        "powershell-utils",
        "wsl-utils"
      ]
    },
    "powershell-utils@0.1.0": {
      "integrity": "sha512-dM0jVuXJPsDN6DvRpea484tCUaMiXWjuCn++HGTqUWzGDjv5tZkEZldAJ/UMlqRYGFrD/etByo4/xOuC/snX2A=="
    },
    "run-applescript@7.1.0": {
      "integrity": "sha512-DPe5pVFaAsinSaV6QjQ6gdiedWDcRCbUuiQfQa2wmWV7+xC9bGulGI8+TdRmoFkAPaBXk8CrAbnlY2ISniJ47Q=="
    },
    "undici-types@6.21.0": {
      "integrity": "sha512-iwDZqg0QAGrg9Rav5H4n0M64c3mkR59cJ6wQp+7C4nI0gsmExaedaYLNO44eT4AtBBwjbTiGPMlt2Md0T9H9JQ=="
    },
    "undici-types@7.18.2": {
      "integrity": "sha512-AsuCzffGHJybSaRrmr5eHr81mwJU3kjw6M+uprWvCXiNeN9SOGwQ3Jn8jb8m3Z6izVgknn1R0FTCEAP2QrLY/w=="
    },
    "wsl-utils@0.3.1": {
      "integrity": "sha512-g/eziiSUNBSsdDJtCLB8bdYEUMj4jR7AGeUo96p/3dTafgjHhpF4RiCFPiRILwjQoDXx5MqkBr4fwWtR3Ky4Wg==",
      "dependencies": [
        "is-wsl",
        "powershell-utils"
      ]
    },
    "yanki-connect@4.0.6": {
      "integrity": "sha512-NmUJXGRgnl8IsMKKKsjsBTYZ1/sXUSTE9FwwQY9iMvv/ghIBrg6BFkg7g91GXpUoNxB0aiKs0UcDHBALoOQf4g==",
      "dependencies": [
        "@types/node@20.19.43",
        "open"
      ]
    },
    "zlibjs@0.3.1": {
      "integrity": "sha512-+J9RrgTKOmlxFSDHo0pI1xM6BLVUv+o0ZT9ANtCxGkjIVCCUdx9alUF8Gm+dGLKbkkkidWIHFDZHDMpfITt4+w=="
    },
    "zod@4.4.3": {
      "integrity": "sha512-ytENFjIJFl2UwYglde2jchW2Hwm4GJFLDiSXWdTrJQBIN9Fcyp7n4DhxJEiWNAJMV1/BqWfW/kkg71UDcHJyTQ=="
    }
  },
  "workspace": {
    "dependencies": [
      "jsr:@std/assert@^1.0.16",
      "jsr:@std/cli@^1.0.32",
      "jsr:@std/csv@^1.0.6",
      "jsr:@std/encoding@^1.0.11",
      "jsr:@std/fs@^1.0.24",
      "jsr:@std/html@^1.0.5",
      "jsr:@std/http@^1.1.2",
      "jsr:@std/path@^1.1.2",
      "jsr:@std/streams@^1.1.1",
      "jsr:@std/testing@^1.0.16",
      "npm:@ai-sdk/anthropic@^4.0.11",
      "npm:@ai-sdk/google@^4.0.12",
      "npm:@ai-sdk/openai@^4.0.11",
      "npm:@scriptin/jmdict-simplified-types@^3.6.1",
      "npm:ai@^7.0.20",
      "npm:fflate@~0.8.2",
      "npm:iso-639-2@*",
      "npm:kuromoji@~0.1.2"
    ],
    "members": {
      "card_creator": {
        "dependencies": [
          "npm:zod@^4.1.13"
        ]
      },
      "card_creator_evals": {
        "dependencies": [
          "npm:yanki-connect@^4.0.6"
        ]
      },
      "data": {
        "dependencies": [
          "npm:@types/node@^24.13.3"
        ]
      }
    }
  }
}
